
Microsoft Visual Studio Solution File, Format Version 12.00
# Visual Studio 14
VisualStudioVersion = 14.0.25420.1
MinimumVisualStudioVersion = 10.0.40219.1
Project("{FAE04EC0-301F-11D3-BF4B-00C04F79EFBC}") = "CGS.Sample.AStar", "CGS.Sample.AStar.csproj", "{971D9D74-2EA1-4DF4-BD58-020D04C7BCF7}"
EndProject
Global
	GlobalSection(SolutionConfigurationPlatforms) = preSolution
		Debug|Any CPU = Debug|Any CPU
		Release|Any CPU = Release|Any CPU
		Test|Any CPU = Test|Any CPU
	EndGlobalSection
	GlobalSection(ProjectConfigurationPlatforms) = postSolution
		{971D9D74-2EA1-4DF4-BD58-020D04C7BCF7}.Debug|Any CPU.ActiveCfg = Debug|Any CPU
		{971D9D74-2EA1-4DF4-BD58-020D04C7BCF7}.Debug|Any CPU.Build.0 = Debug|Any CPU
		{971D9D74-2EA1-4DF4-BD58-020D04C7BCF7}.Release|Any CPU.ActiveCfg = Release|Any CPU
		{971D9D74-2EA1-4DF4-BD58-020D04C7BCF7}.Release|Any CPU.Build.0 = Release|Any CPU
		{971D9D74-2EA1-4DF4-BD58-020D04C7BCF7}.Test|Any CPU.ActiveCfg = Release|Any CPU
		{971D9D74-2EA1-4DF4-BD58-020D04C7BCF7}.Test|Any CPU.Build.0 = Release|Any CPU
	EndGlobalSection
	GlobalSection(SolutionProperties) = preSolution
		HideSolutionNode = FALSE
	EndGlobalSection
	GlobalSection(NestedProjects) = preSolution
		{971D9D74-2EA1-4DF4-BD58-020D04C7BCF7} = {90872F6B-8CBC-4016-AC5D-A0C760C02C55}
	EndGlobalSection
EndGlobal
